# THIS IS AN AUTOGENERATED FILE. DO NOT EDIT THIS FILE DIRECTLY.
# yarn lockfile v1


big-integer@*:
  version "1.6.48"
  resolved "https://registry.yarnpkg.com/big-integer/-/big-integer-1.6.48.tgz#8fd88bd1632cba4a1c8c3e3d7159f08bb95b4b9e"
  integrity sha512-j51egjPa7/i+RdiRuJbPdJ2FIUYYPhvYLjzoYbcMMm62ooO6F94fETG4MTs46zPAF9Brs04OajboA/qTGuz78w==

complex.js@*:
  version "2.0.11"
  resolved "https://registry.yarnpkg.com/complex.js/-/complex.js-2.0.11.tgz#09a873fbf15ffd8c18c9c2201ccef425c32b8bf1"
  integrity sha512-6IArJLApNtdg1P1dFtn3dnyzoZBEF0MwMnrfF1exSBRpZYoy4yieMkpZhQDC0uwctw48vii0CFVyHfpgZ/DfGw==

fraction.js@*:
  version "4.0.12"
  resolved "https://registry.yarnpkg.com/fraction.js/-/fraction.js-4.0.12.tgz#0526d47c65a5fb4854df78bc77f7bec708d7b8c3"
  integrity sha512-8Z1K0VTG4hzYY7kA/1sj4/r1/RWLBD3xwReT/RCrUCbzPszjNQCCsy3ktkU/eaEqX3MYa4pY37a52eiBlPMlhA==

polynomial@^1.4.5:
  version "1.4.5"
  resolved "https://registry.yarnpkg.com/polynomial/-/polynomial-1.4.5.tgz#981f87bf4de80e1794c62742de5b29a70f778f86"
  integrity sha512-ZLWaN9tWUk0v0G3yc5y4F4qDHFZS0bUIqtan9fUeU/sacSM1EP3TwA5H8ophhd9sxjzowu9gN5bktNzFotMfcA==
  dependencies:
    big-integer "*"
    complex.js "*"
    fraction.js "*"
    quaternion "*"

quaternion@*:
  version "1.1.0"
  resolved "https://registry.yarnpkg.com/quaternion/-/quaternion-1.1.0.tgz#ca55f78bf3e79246f1d22b8a0ee10f992533ae30"
  integrity sha512-mLTtnzuMtUzguemuvsxD+KPS4F05H1Bw/4cNsQQvzfvPEGvkmWLRoAKsHT0V9go4X4hOU3LCtuxqWXQi3JN+SA==
